
Microsoft Visual Studio Solution File, Format Version 12.00
Project("{FAE04EC0-301F-11D3-BF4B-00C04F79EFBC}") = "BowlingKata", "BowlingKata\BowlingKata.csproj", "{C7B94729-2CC5-404D-B6E6-6A3EC7374991}"
EndProject
Project("{FAE04EC0-301F-11D3-BF4B-00C04F79EFBC}") = "BowlingKataAlt", "BowlingKataAlt\BowlingKataAlt.csproj", "{79C466D2-99F5-4255-9F5D-18F178AD2F06}"
EndProject
Global
	GlobalSection(SolutionConfigurationPlatforms) = preSolution
		Debug|Any CPU = Debug|Any CPU
		Release|Any CPU = Release|Any CPU
	EndGlobalSection
	GlobalSection(ProjectConfigurationPlatforms) = postSolution
		{C7B94729-2CC5-404D-B6E6-6A3EC7374991}.Debug|Any CPU.ActiveCfg = Debug|Any CPU
		{C7B94729-2CC5-404D-B6E6-6A3EC7374991}.Debug|Any CPU.Build.0 = Debug|Any CPU
		{C7B94729-2CC5-404D-B6E6-6A3EC7374991}.Release|Any CPU.ActiveCfg = Release|Any CPU
		{C7B94729-2CC5-404D-B6E6-6A3EC7374991}.Release|Any CPU.Build.0 = Release|Any CPU
		{79C466D2-99F5-4255-9F5D-18F178AD2F06}.Debug|Any CPU.ActiveCfg = Debug|Any CPU
		{79C466D2-99F5-4255-9F5D-18F178AD2F06}.Debug|Any CPU.Build.0 = Debug|Any CPU
		{79C466D2-99F5-4255-9F5D-18F178AD2F06}.Release|Any CPU.ActiveCfg = Release|Any CPU
		{79C466D2-99F5-4255-9F5D-18F178AD2F06}.Release|Any CPU.Build.0 = Release|Any CPU
	EndGlobalSection
EndGlobal
